
Microsoft Visual Studio Solution File, Format Version 12.00
# Visual Studio 15
VisualStudioVersion = 15.0.28010.2016
MinimumVisualStudioVersion = 10.0.40219.1
Project("{FAE04EC0-301F-11D3-BF4B-00C04F79EFBC}") = "SecureServer", "SecureServer\SecureServer.csproj", "{41CD9D85-FB85-4219-8C10-03B9C919F65F}"
EndProject
Project("{FAE04EC0-301F-11D3-BF4B-00C04F79EFBC}") = "SecureClient", "SecureClient\SecureClient.csproj", "{49483F6F-C376-4A73-884D-4D328267E7D2}"
EndProject
Global
	GlobalSection(SolutionConfigurationPlatforms) = preSolution
		Debug|Any CPU = Debug|Any CPU
		Release|Any CPU = Release|Any CPU
	EndGlobalSection
	GlobalSection(ProjectConfigurationPlatforms) = postSolution
		{41CD9D85-FB85-4219-8C10-03B9C919F65F}.Debug|Any CPU.ActiveCfg = Debug|Any CPU
		{41CD9D85-FB85-4219-8C10-03B9C919F65F}.Debug|Any CPU.Build.0 = Debug|Any CPU
		{41CD9D85-FB85-4219-8C10-03B9C919F65F}.Release|Any CPU.ActiveCfg = Release|Any CPU
		{41CD9D85-FB85-4219-8C10-03B9C919F65F}.Release|Any CPU.Build.0 = Release|Any CPU
		{49483F6F-C376-4A73-884D-4D328267E7D2}.Debug|Any CPU.ActiveCfg = Debug|Any CPU
		{49483F6F-C376-4A73-884D-4D328267E7D2}.Debug|Any CPU.Build.0 = Debug|Any CPU
		{49483F6F-C376-4A73-884D-4D328267E7D2}.Release|Any CPU.ActiveCfg = Release|Any CPU
		{49483F6F-C376-4A73-884D-4D328267E7D2}.Release|Any CPU.Build.0 = Release|Any CPU
	EndGlobalSection
	GlobalSection(SolutionProperties) = preSolution
		HideSolutionNode = FALSE
	EndGlobalSection
	GlobalSection(ExtensibilityGlobals) = postSolution
		SolutionGuid = {1AEA43CE-C89F-40A4-A4BF-514ACD0B16D0}
	EndGlobalSection
EndGlobal
